
Microsoft Visual Studio Solution File, Format Version 12.00
# Visual Studio Version 17
VisualStudioVersion = 17.5.33516.290
MinimumVisualStudioVersion = 10.0.40219.1
Project("{FAE04EC0-301F-11D3-BF4B-00C04F79EFBC}") = "Ejercicio7", "Ejercicio7\Ejercicio7.csproj", "{FB849758-6C74-4C9C-9B59-71B90F873087}"
EndProject
Global
	GlobalSection(SolutionConfigurationPlatforms) = preSolution
		Debug|Any CPU = Debug|Any CPU
		Release|Any CPU = Release|Any CPU
	EndGlobalSection
	GlobalSection(ProjectConfigurationPlatforms) = postSolution
		{FB849758-6C74-4C9C-9B59-71B90F873087}.Debug|Any CPU.ActiveCfg = Debug|Any CPU
		{FB849758-6C74-4C9C-9B59-71B90F873087}.Debug|Any CPU.Build.0 = Debug|Any CPU
		{FB849758-6C74-4C9C-9B59-71B90F873087}.Release|Any CPU.ActiveCfg = Release|Any CPU
		{FB849758-6C74-4C9C-9B59-71B90F873087}.Release|Any CPU.Build.0 = Release|Any CPU
	EndGlobalSection
	GlobalSection(SolutionProperties) = preSolution
		HideSolutionNode = FALSE
	EndGlobalSection
	GlobalSection(ExtensibilityGlobals) = postSolution
		SolutionGuid = {7AA20973-40F4-424C-80AB-AE4E06A8D50E}
	EndGlobalSection
EndGlobal
